
Microsoft Visual Studio Solution File, Format Version 12.00
# Visual Studio Version 17
VisualStudioVersion = 17.7.34221.43
MinimumVisualStudioVersion = 10.0.40219.1
Project("{FAE04EC0-301F-11D3-BF4B-00C04F79EFBC}") = "CarInsurance", "CarInsurance.csproj", "{13F374C1-E99D-4A71-B8C0-F30F02E224A4}"
EndProject
Global
	GlobalSection(SolutionConfigurationPlatforms) = preSolution
		Debug|Any CPU = Debug|Any CPU
		Release|Any CPU = Release|Any CPU
	EndGlobalSection
	GlobalSection(ProjectConfigurationPlatforms) = postSolution
		{13F374C1-E99D-4A71-B8C0-F30F02E224A4}.Debug|Any CPU.ActiveCfg = Debug|Any CPU
		{13F374C1-E99D-4A71-B8C0-F30F02E224A4}.Debug|Any CPU.Build.0 = Debug|Any CPU
		{13F374C1-E99D-4A71-B8C0-F30F02E224A4}.Release|Any CPU.ActiveCfg = Release|Any CPU
		{13F374C1-E99D-4A71-B8C0-F30F02E224A4}.Release|Any CPU.Build.0 = Release|Any CPU
	EndGlobalSection
	GlobalSection(SolutionProperties) = preSolution
		HideSolutionNode = FALSE
	EndGlobalSection
	GlobalSection(ExtensibilityGlobals) = postSolution
		SolutionGuid = {00E185C4-B678-4C50-ACA7-876B6AE7BDC9}
	EndGlobalSection
EndGlobal
